Microsoft Visual Studio Solution File, Format Version 12.00
# Visual Studio Version 17
VisualStudioVersion = 17.5.2.0
MinimumVisualStudioVersion = 10.0.40219.1
Project("{FAE04EC0-301F-11D3-BF4B-00C04F79EFBC}") = "VereinsApi", "VereinsApi\VereinsApi.csproj", "{C2721D89-0B5F-992B-D61B-1C183A84BB7A}"
EndProject
Global
	GlobalSection(SolutionConfigurationPlatforms) = preSolution
		Debug|Any CPU = Debug|Any CPU
		Release|Any CPU = Release|Any CPU
	EndGlobalSection
	GlobalSection(ProjectConfigurationPlatforms) = postSolution
		{C2721D89-0B5F-992B-D61B-1C183A84BB7A}.Debug|Any CPU.ActiveCfg = Debug|Any CPU
		{C2721D89-0B5F-992B-D61B-1C183A84BB7A}.Debug|Any CPU.Build.0 = Debug|Any CPU
		{C2721D89-0B5F-992B-D61B-1C183A84BB7A}.Release|Any CPU.ActiveCfg = Release|Any CPU
		{C2721D89-0B5F-992B-D61B-1C183A84BB7A}.Release|Any CPU.Build.0 = Release|Any CPU
	EndGlobalSection
	GlobalSection(SolutionProperties) = preSolution
		HideSolutionNode = FALSE
	EndGlobalSection
	GlobalSection(ExtensibilityGlobals) = postSolution
		SolutionGuid = {6297E4EC-784F-48C1-B42B-144EF04312D3}
	EndGlobalSection
EndGlobal
